
Microsoft Visual Studio Solution File, Format Version 12.00
# Visual Studio Version 17
VisualStudioVersion = 17.5.002.0
MinimumVisualStudioVersion = 10.0.40219.1
Project("{9A19103F-16F7-4668-BE54-9A1E7A4F7556}") = "Lab_1_and_2", "Lab_1_and_2.csproj", "{6B3E1CB6-38EF-4A36-923F-B988CDE12AB4}"
EndProject
Global
	GlobalSection(SolutionConfigurationPlatforms) = preSolution
		Debug|Any CPU = Debug|Any CPU
		Release|Any CPU = Release|Any CPU
	EndGlobalSection
	GlobalSection(ProjectConfigurationPlatforms) = postSolution
		{6B3E1CB6-38EF-4A36-923F-B988CDE12AB4}.Debug|Any CPU.ActiveCfg = Debug|Any CPU
		{6B3E1CB6-38EF-4A36-923F-B988CDE12AB4}.Debug|Any CPU.Build.0 = Debug|Any CPU
		{6B3E1CB6-38EF-4A36-923F-B988CDE12AB4}.Release|Any CPU.ActiveCfg = Release|Any CPU
		{6B3E1CB6-38EF-4A36-923F-B988CDE12AB4}.Release|Any CPU.Build.0 = Release|Any CPU
	EndGlobalSection
	GlobalSection(SolutionProperties) = preSolution
		HideSolutionNode = FALSE
	EndGlobalSection
	GlobalSection(ExtensibilityGlobals) = postSolution
		SolutionGuid = {24C5A79B-3F87-47B5-A459-67A11EABF567}
	EndGlobalSection
EndGlobal
